# This file is generated by running "yarn install" inside your project.
# Manual changes might be lost - proceed with caution!

__metadata:
  version: 6
  cacheKey: 8

"@babel/runtime@npm:7.12.18":
  version: 7.12.18
  resolution: "@babel/runtime@npm:7.12.18::__archiveUrl=https%3A%2F%2Fregistry.npmjs.org%2F%40babel%2Fruntime%2F-%2Fruntime-7.12.18.tgz"
  dependencies:
    regenerator-runtime: ^0.13.4
  checksum: 0ba38dc8d478584b0b5fb15fc2b7855f9f20561917bd434a66429d55d1165199d6161bc5fb087b87254712827f63561ff5196df66701e5647d67c7d0f557569a
  languageName: node
  linkType: hard

"@babel/runtime@npm:^7.16.3":
  version: 7.16.7
  resolution: "@babel/runtime@npm:7.16.7::__archiveUrl=https%3A%2F%2Fregistry.npmjs.org%2F%40babel%2Fruntime%2F-%2Fruntime-7.16.7.tgz"
  dependencies:
    regenerator-runtime: ^0.13.4
  checksum: 47912f0aaacd1cab2e2552aaf3e6eaffbcaf2d5ac9b07a89a12ac0d42029cb92c070b0d16f825e4277c4a34677c54d8ffe85e1f7c6feb57de58f700eec67ce2f
  languageName: node
  linkType: hard

"@jest/types@npm:^26.6.2":
  version: 26.6.2
  resolution: "@jest/types@npm:26.6.2::__archiveUrl=https%3A%2F%2Fregistry.npmjs.org%2F%40jest%2Ftypes%2F-%2Ftypes-26.6.2.tgz"
  dependencies:
    "@types/istanbul-lib-coverage": ^2.0.0
    "@types/istanbul-reports": ^3.0.0
    "@types/node": "*"
    "@types/yargs": ^15.0.0
    chalk: ^4.0.0
  checksum: a0bd3d2f22f26ddb23f41fddf6e6a30bf4fab2ce79ec1cb6ce6fdfaf90a72e00f4c71da91ec61e13db3b10c41de22cf49d07c57ff2b59171d64b29f909c1d8d6
  languageName: node
  linkType: hard

"@teambit/harmony@npm:0.2.11":
  version: 0.2.11
  resolution: "@teambit/harmony@npm:0.2.11::__archiveUrl=https%3A%2F%2Fregistry.npmjs.org%2F%40teambit%2Fharmony%2F-%2Fharmony-0.2.11.tgz"
  dependencies:
    cleargraph: ^5.6.0
    comment-json: ^3.0.3
    fs-extra: ^8.1.0
    lodash: ^4.17.20
    loud-rejection: ^1.6.0
    reflect-metadata: ^0.1.13
    user-home: ^2.0.0
  checksum: b30f3c9982d94872314b4a6b7c79b5baf212898b6672bdd3fd256a78a946ce306dae0c5fc14bbee2c480020e52ee4552a0388f96adb6283fff9eca65697607b7
  languageName: node
  linkType: hard

"@types/istanbul-lib-coverage@npm:*, @types/istanbul-lib-coverage@npm:^2.0.0":
  version: 2.0.4
  resolution: "@types/istanbul-lib-coverage@npm:2.0.4::__archiveUrl=https%3A%2F%2Fregistry.npmjs.org%2F%40types%2Fistanbul-lib-coverage%2F-%2Fistanbul-lib-coverage-2.0.4.tgz"
  checksum: a25d7589ee65c94d31464c16b72a9dc81dfa0bea9d3e105ae03882d616e2a0712a9c101a599ec482d297c3591e16336962878cb3eb1a0a62d5b76d277a890ce7
  languageName: node
  linkType: hard

"@types/istanbul-lib-report@npm:*":
  version: 3.0.0
  resolution: "@types/istanbul-lib-report@npm:3.0.0::__archiveUrl=https%3A%2F%2Fregistry.npmjs.org%2F%40types%2Fistanbul-lib-report%2F-%2Fistanbul-lib-report-3.0.0.tgz"
  dependencies:
    "@types/istanbul-lib-coverage": "*"
  checksum: 656398b62dc288e1b5226f8880af98087233cdb90100655c989a09f3052b5775bf98ba58a16c5ae642fb66c61aba402e07a9f2bff1d1569e3b306026c59f3f36
  languageName: node
  linkType: hard

"@types/istanbul-reports@npm:^3.0.0":
  version: 3.0.1
  resolution: "@types/istanbul-reports@npm:3.0.1::__archiveUrl=https%3A%2F%2Fregistry.npmjs.org%2F%40types%2Fistanbul-reports%2F-%2Fistanbul-reports-3.0.1.tgz"
  dependencies:
    "@types/istanbul-lib-report": "*"
  checksum: f1ad54bc68f37f60b30c7915886b92f86b847033e597f9b34f2415acdbe5ed742fa559a0a40050d74cdba3b6a63c342cac1f3a64dba5b68b66a6941f4abd7903
  languageName: node
  linkType: hard

"@types/jest@npm:*":
  version: 27.4.0
  resolution: "@types/jest@npm:27.4.0::__archiveUrl=https%3A%2F%2Fregistry.npmjs.org%2F%40types%2Fjest%2F-%2Fjest-27.4.0.tgz"
  dependencies:
    jest-diff: ^27.0.0
    pretty-format: ^27.0.0
  checksum: d2350267f954f9a2e4a15e5f02fbf19a77abfb9fd9e57a954de1fb0e9a0d3d5f8d3646ac7d9c42aeb4b4d828d2e70624ec149c85bb50a48634a54eed8429e1f8
  languageName: node
  linkType: hard

"@types/jest@npm:26.0.20":
  version: 26.0.20
  resolution: "@types/jest@npm:26.0.20::__archiveUrl=https%3A%2F%2Fregistry.npmjs.org%2F%40types%2Fjest%2F-%2Fjest-26.0.20.tgz"
  dependencies:
    jest-diff: ^26.0.0
    pretty-format: ^26.0.0
  checksum: db7730d2d70d2cdaef0ade7a5185fad844b21df827eafdd1690ce8053c399277ecce6b274ffd649e7a38008e192e8f0eb3ecc296b69e75407e30a9c8388d0d5c
  languageName: node
  linkType: hard

"@types/lodash@npm:^4.14.178":
  version: 4.14.178
  resolution: "@types/lodash@npm:4.14.178::__archiveUrl=https%3A%2F%2Fregistry.npmjs.org%2F%40types%2Flodash%2F-%2Flodash-4.14.178.tgz"
  checksum: a69a04a60bfc5257c3130a554b4efa0c383f0141b7b3db8ab7cf07ad2a46ea085fce66d0242da41da7e5647b133d5dfb2c15add9cbed8d7fef955e4a1e5b3128
  languageName: node
  linkType: hard

"@types/node@npm:*":
  version: 17.0.10
  resolution: "@types/node@npm:17.0.10::__archiveUrl=https%3A%2F%2Fregistry.npmjs.org%2F%40types%2Fnode%2F-%2Fnode-17.0.10.tgz"
  checksum: 979e83d642a2b4f18fa1a4233f884822c05abc7acd0836024aa964187f8446432b21f7913e72fe2b3927c4a811c27a0b6cd60ac7c4ac6a6762cfbab70782aa6a
  languageName: node
  linkType: hard

"@types/node@npm:12.20.4":
  version: 12.20.4
  resolution: "@types/node@npm:12.20.4::__archiveUrl=https%3A%2F%2Fregistry.npmjs.org%2F%40types%2Fnode%2F-%2Fnode-12.20.4.tgz"
  checksum: 30f1f5d8159fcb968206706f0f943167731f3d0763602571af29676b1afdcfe3b41524442cacdee3853a456dcd11d0e3ab2bf28b6821dfa2749a4b393fe7b510
  languageName: node
  linkType: hard

"@types/prop-types@npm:*":
  version: 15.7.4
  resolution: "@types/prop-types@npm:15.7.4::__archiveUrl=https%3A%2F%2Fregistry.npmjs.org%2F%40types%2Fprop-types%2F-%2Fprop-types-15.7.4.tgz"
  checksum: ef6e1899e59b876c273811b1bd845022fc66d5a3d11cb38a25b6c566b30514ae38fe20a40f67622f362a4f4f7f9224e22d8da101cff3d6e97e11d7b4c307cfc1
  languageName: node
  linkType: hard

"@types/react-dom@npm:^17.0.5":
  version: 17.0.11
  resolution: "@types/react-dom@npm:17.0.11::__archiveUrl=https%3A%2F%2Fregistry.npmjs.org%2F%40types%2Freact-dom%2F-%2Freact-dom-17.0.11.tgz"
  dependencies:
    "@types/react": "*"
  checksum: 4d5730dffbef86c887cecad7e3cecda424ce6a64d0b5441c63b5b015d48219868660a2bb1aa15e897e565ad8867fa6b885d4358b04e1c4e589ba4c07c3fda55c
  languageName: node
  linkType: hard

"@types/react@npm:*, @types/react@npm:^17.0.8":
  version: 17.0.38
  resolution: "@types/react@npm:17.0.38::__archiveUrl=https%3A%2F%2Fregistry.npmjs.org%2F%40types%2Freact%2F-%2Freact-17.0.38.tgz"
  dependencies:
    "@types/prop-types": "*"
    "@types/scheduler": "*"
    csstype: ^3.0.2
  checksum: 4079f4f959cd4a4bfaeda8b89fe8a1b1f8bdc9d87acfdc5f74a0b39cec9ec6a470724357c62778c0f063180b360c250e920c5a142f1dbcda67d9cc25a6d43a85
  languageName: node
  linkType: hard

"@types/scheduler@npm:*":
  version: 0.16.2
  resolution: "@types/scheduler@npm:0.16.2::__archiveUrl=https%3A%2F%2Fregistry.npmjs.org%2F%40types%2Fscheduler%2F-%2Fscheduler-0.16.2.tgz"
  checksum: b6b4dcfeae6deba2e06a70941860fb1435730576d3689225a421280b7742318d1548b3d22c1f66ab68e414f346a9542f29240bc955b6332c5b11e561077583bc
  languageName: node
  linkType: hard

"@types/testing-library__jest-dom@npm:5.9.5":
  version: 5.9.5
  resolution: "@types/testing-library__jest-dom@npm:5.9.5::__archiveUrl=https%3A%2F%2Fregistry.npmjs.org%2F%40types%2Ftesting-library__jest-dom%2F-%2Ftesting-library__jest-dom-5.9.5.tgz"
  dependencies:
    "@types/jest": "*"
  checksum: f2ed81103acb52d54f992d826e3854551294618628997dc01f8955efd8c1d476d64715b79187371b09ec3e61e44cc10a7ffe1e427d1bda798552f83d18309056
  languageName: node
  linkType: hard

"@types/yargs-parser@npm:*":
  version: 20.2.1
  resolution: "@types/yargs-parser@npm:20.2.1::__archiveUrl=https%3A%2F%2Fregistry.npmjs.org%2F%40types%2Fyargs-parser%2F-%2Fyargs-parser-20.2.1.tgz"
  checksum: 1d039e64494a7a61ddd278349a3dc60b19f99ff0517425696e796f794e4252452b9d62178e69755ad03f439f9dc0c8c3d7b3a1201b3a24e134bac1a09fa11eaa
  languageName: node
  linkType: hard

"@types/yargs@npm:^15.0.0":
  version: 15.0.14
  resolution: "@types/yargs@npm:15.0.14::__archiveUrl=https%3A%2F%2Fregistry.npmjs.org%2F%40types%2Fyargs%2F-%2Fyargs-15.0.14.tgz"
  dependencies:
    "@types/yargs-parser": "*"
  checksum: 8e358aeb8f0c3758e59e2b8fcfdee5627ab2fe3d92f50f380503d966c7f33287be3322155516a50d27727fde1ad3878f48f60cd6648439126d4b0bbb1a1153ed
  languageName: node
  linkType: hard

"@vue/reactivity@npm:3.2.27, @vue/reactivity@npm:^3.2.6":
  version: 3.2.27
  resolution: "@vue/reactivity@npm:3.2.27::__archiveUrl=https%3A%2F%2Fregistry.npmjs.org%2F%40vue%2Freactivity%2F-%2Freactivity-3.2.27.tgz"
  dependencies:
    "@vue/shared": 3.2.27
  checksum: 33a0306668021d0d7aaacdf28c613b8a01006184fdabf1a4cd4f93ac429161f85d4258359b09b2fde86cbc8a1090d6269831ae71461695667aa8d94fc24902c9
  languageName: node
  linkType: hard

"@vue/runtime-core@npm:^3.2.6":
  version: 3.2.27
  resolution: "@vue/runtime-core@npm:3.2.27::__archiveUrl=https%3A%2F%2Fregistry.npmjs.org%2F%40vue%2Fruntime-core%2F-%2Fruntime-core-3.2.27.tgz"
  dependencies:
    "@vue/reactivity": 3.2.27
    "@vue/shared": 3.2.27
  checksum: dcd02aadedcc2f8398158437b7b2ecf4ed1cde68c19542382b2902c50ab8785b0215eda865e8dc84da7c105e35886a5e74e4cbaa12ecdbc010ceb9e857368165
  languageName: node
  linkType: hard

"@vue/shared@npm:3.2.27":
  version: 3.2.27
  resolution: "@vue/shared@npm:3.2.27::__archiveUrl=https%3A%2F%2Fregistry.npmjs.org%2F%40vue%2Fshared%2F-%2Fshared-3.2.27.tgz"
  checksum: ab5b1ffd27e75b00d4ea952fd47a8237b86d02d1f336beecc25e3823bb9e15d57ac15d4899c5309e339ce8da72c9f35e30fe25d3f3106f670854c0fefc0dee9b
  languageName: node
  linkType: hard

"ansi-regex@npm:^5.0.0, ansi-regex@npm:^5.0.1":
  version: 5.0.1
  resolution: "ansi-regex@npm:5.0.1::__archiveUrl=https%3A%2F%2Fregistry.npmjs.org%2Fansi-regex%2F-%2Fansi-regex-5.0.1.tgz"
  checksum: 2aa4bb54caf2d622f1afdad09441695af2a83aa3fe8b8afa581d205e57ed4261c183c4d3877cee25794443fde5876417d859c108078ab788d6af7e4fe52eb66b
  languageName: node
  linkType: hard

"ansi-styles@npm:^4.0.0, ansi-styles@npm:^4.1.0":
  version: 4.3.0
  resolution: "ansi-styles@npm:4.3.0::__archiveUrl=https%3A%2F%2Fregistry.npmjs.org%2Fansi-styles%2F-%2Fansi-styles-4.3.0.tgz"
  dependencies:
    color-convert: ^2.0.1
  checksum: 513b44c3b2105dd14cc42a19271e80f386466c4be574bccf60b627432f9198571ebf4ab1e4c3ba17347658f4ee1711c163d574248c0c1cdc2d5917a0ad582ec4
  languageName: node
  linkType: hard

"ansi-styles@npm:^5.0.0":
  version: 5.2.0
  resolution: "ansi-styles@npm:5.2.0::__archiveUrl=https%3A%2F%2Fregistry.npmjs.org%2Fansi-styles%2F-%2Fansi-styles-5.2.0.tgz"
  checksum: d7f4e97ce0623aea6bc0d90dcd28881ee04cba06c570b97fd3391bd7a268eedfd9d5e2dd4fdcbdd82b8105df5faf6f24aaedc08eaf3da898e702db5948f63469
  languageName: node
  linkType: hard

"array-find-index@npm:^1.0.1":
  version: 1.0.2
  resolution: "array-find-index@npm:1.0.2::__archiveUrl=https%3A%2F%2Fregistry.npmjs.org%2Farray-find-index%2F-%2Farray-find-index-1.0.2.tgz"
  checksum: aac128bf369e1ac6c06ff0bb330788371c0e256f71279fb92d745e26fb4b9db8920e485b4ec25e841c93146bf71a34dcdbcefa115e7e0f96927a214d237b7081
  languageName: node
  linkType: hard

"base-button-159465@workspace:owls/ui/base-button":
  version: 0.0.0-use.local
  resolution: "base-button-159465@workspace:owls/ui/base-button"
  languageName: unknown
  linkType: soft

"chalk@npm:^4.0.0":
  version: 4.1.2
  resolution: "chalk@npm:4.1.2::__archiveUrl=https%3A%2F%2Fregistry.npmjs.org%2Fchalk%2F-%2Fchalk-4.1.2.tgz"
  dependencies:
    ansi-styles: ^4.1.0
    supports-color: ^7.1.0
  checksum: fe75c9d5c76a7a98d45495b91b2172fa3b7a09e0cc9370e5c8feb1c567b85c4288e2b3fded7cfdd7359ac28d6b3844feb8b82b8686842e93d23c827c417e83fc
  languageName: node
  linkType: hard

"cleargraph@npm:^5.6.0":
  version: 5.8.0
  resolution: "cleargraph@npm:5.8.0::__archiveUrl=https%3A%2F%2Fregistry.npmjs.org%2Fcleargraph%2F-%2Fcleargraph-5.8.0.tgz"
  dependencies:
    graphlib: ^2.1.8
    lodash: ^4.17.15
  checksum: cbf6cd32ae57829261841ed4b307c83a6c9251fd43adc7a0e7ca26e8bd1967d8c17bc375588a32400ef7d217979962f9176e33166d0a76fd2486d0243c316185
  languageName: node
  linkType: hard

"color-convert@npm:^2.0.1":
  version: 2.0.1
  resolution: "color-convert@npm:2.0.1::__archiveUrl=https%3A%2F%2Fregistry.npmjs.org%2Fcolor-convert%2F-%2Fcolor-convert-2.0.1.tgz"
  dependencies:
    color-name: ~1.1.4
  checksum: 79e6bdb9fd479a205c71d89574fccfb22bd9053bd98c6c4d870d65c132e5e904e6034978e55b43d69fcaa7433af2016ee203ce76eeba9cfa554b373e7f7db336
  languageName: node
  linkType: hard

"color-name@npm:~1.1.4":
  version: 1.1.4
  resolution: "color-name@npm:1.1.4::__archiveUrl=https%3A%2F%2Fregistry.npmjs.org%2Fcolor-name%2F-%2Fcolor-name-1.1.4.tgz"
  checksum: b0445859521eb4021cd0fb0cc1a75cecf67fceecae89b63f62b201cca8d345baf8b952c966862a9d9a2632987d4f6581f0ec8d957dfacece86f0a7919316f610
  languageName: node
  linkType: hard

"comment-json@npm:^3.0.3":
  version: 3.0.3
  resolution: "comment-json@npm:3.0.3::__archiveUrl=https%3A%2F%2Fregistry.npmjs.org%2Fcomment-json%2F-%2Fcomment-json-3.0.3.tgz"
  dependencies:
    core-util-is: ^1.0.2
    esprima: ^4.0.1
    has-own-prop: ^2.0.0
    repeat-string: ^1.6.1
  checksum: c8e92e820b73e7bd83890e38680617b21028eca9a7e83a2af72750eae8c7e2570dd40e5848148b1e1d34d58ce62a0cb4e2b5836df0f8daa1d6bceca8666936cd
  languageName: node
  linkType: hard

"core-js@npm:^3.0.0":
  version: 3.20.3
  resolution: "core-js@npm:3.20.3::__archiveUrl=https%3A%2F%2Fregistry.npmjs.org%2Fcore-js%2F-%2Fcore-js-3.20.3.tgz"
  checksum: 2106cdfb1330abf9e27d577666fc0421feafe8c39bb5af90a63af16e9706c767a7e3a82edc21ce3ed6b9d806f3200d1cf6cc3d0597a8c0af12dbec287c781d65
  languageName: node
  linkType: hard

"core-util-is@npm:^1.0.2":
  version: 1.0.3
  resolution: "core-util-is@npm:1.0.3::__archiveUrl=https%3A%2F%2Fregistry.npmjs.org%2Fcore-util-is%2F-%2Fcore-util-is-1.0.3.tgz"
  checksum: 9de8597363a8e9b9952491ebe18167e3b36e7707569eed0ebf14f8bba773611376466ae34575bca8cfe3c767890c859c74056084738f09d4e4a6f902b2ad7d99
  languageName: node
  linkType: hard

"csstype@npm:^3.0.2":
  version: 3.0.10
  resolution: "csstype@npm:3.0.10::__archiveUrl=https%3A%2F%2Fregistry.npmjs.org%2Fcsstype%2F-%2Fcsstype-3.0.10.tgz"
  checksum: 20a8fa324f2b33ddf94aa7507d1b6ab3daa6f3cc308888dc50126585d7952f2471de69b2dbe0635d1fdc31223fef8e070842691877e725caf456e2378685a631
  languageName: node
  linkType: hard

"currently-unhandled@npm:^0.4.1":
  version: 0.4.1
  resolution: "currently-unhandled@npm:0.4.1::__archiveUrl=https%3A%2F%2Fregistry.npmjs.org%2Fcurrently-unhandled%2F-%2Fcurrently-unhandled-0.4.1.tgz"
  dependencies:
    array-find-index: ^1.0.1
  checksum: 1f59fe10b5339b54b1a1eee110022f663f3495cf7cf2f480686e89edc7fa8bfe42dbab4b54f85034bc8b092a76cc7becbc2dad4f9adad332ab5831bec39ad540
  languageName: node
  linkType: hard

"diff-sequences@npm:^26.6.2":
  version: 26.6.2
  resolution: "diff-sequences@npm:26.6.2::__archiveUrl=https%3A%2F%2Fregistry.npmjs.org%2Fdiff-sequences%2F-%2Fdiff-sequences-26.6.2.tgz"
  checksum: 79af871776ef149a7ff3345d6b1bf37fe6e81f68632aa5542787851f6f60fba19b0be22fdd1e06046f56ae7382763ccfe94a982c39ee72bd107aef435ecbc0cf
  languageName: node
  linkType: hard

"diff-sequences@npm:^27.4.0":
  version: 27.4.0
  resolution: "diff-sequences@npm:27.4.0::__archiveUrl=https%3A%2F%2Fregistry.npmjs.org%2Fdiff-sequences%2F-%2Fdiff-sequences-27.4.0.tgz"
  checksum: 66d04033e8632eeacdd029b4ecaf87d233d475e4b0cd1cee035eda99e70e1a7f803507d72f2677990ef526f28a2f6e5709af8d94dcdc0682b8884a3a646190a1
  languageName: node
  linkType: hard

"esprima@npm:^4.0.1":
  version: 4.0.1
  resolution: "esprima@npm:4.0.1::__archiveUrl=https%3A%2F%2Fregistry.npmjs.org%2Fesprima%2F-%2Fesprima-4.0.1.tgz"
  bin:
    esparse: ./bin/esparse.js
    esvalidate: ./bin/esvalidate.js
  checksum: b45bc805a613dbea2835278c306b91aff6173c8d034223fa81498c77dcbce3b2931bf6006db816f62eacd9fd4ea975dfd85a5b7f3c6402cfd050d4ca3c13a628
  languageName: node
  linkType: hard

"fs-extra@npm:^8.1.0":
  version: 8.1.0
  resolution: "fs-extra@npm:8.1.0::__archiveUrl=https%3A%2F%2Fregistry.npmjs.org%2Ffs-extra%2F-%2Ffs-extra-8.1.0.tgz"
  dependencies:
    graceful-fs: ^4.2.0
    jsonfile: ^4.0.0
    universalify: ^0.1.0
  checksum: bf44f0e6cea59d5ce071bba4c43ca76d216f89e402dc6285c128abc0902e9b8525135aa808adad72c9d5d218e9f4bcc63962815529ff2f684ad532172a284880
  languageName: node
  linkType: hard

"graceful-fs@npm:^4.1.6, graceful-fs@npm:^4.2.0":
  version: 4.2.9
  resolution: "graceful-fs@npm:4.2.9::__archiveUrl=https%3A%2F%2Fregistry.npmjs.org%2Fgraceful-fs%2F-%2Fgraceful-fs-4.2.9.tgz"
  checksum: 68ea4e07ff2c041ada184f9278b830375f8e0b75154e3f080af6b70f66172fabb4108d19b3863a96b53fc068a310b9b6493d86d1291acc5f3861eb4b79d26ad6
  languageName: node
  linkType: hard

"graphlib@npm:^2.1.8":
  version: 2.1.8
  resolution: "graphlib@npm:2.1.8::__archiveUrl=https%3A%2F%2Fregistry.npmjs.org%2Fgraphlib%2F-%2Fgraphlib-2.1.8.tgz"
  dependencies:
    lodash: ^4.17.15
  checksum: 1e0db4dea1c8187d59103d5582ecf32008845ebe2103959a51d22cb6dae495e81fb9263e22c922bca3aaecb56064a45cd53424e15a4626cfb5a0c52d0aff61a8
  languageName: node
  linkType: hard

"has-flag@npm:^4.0.0":
  version: 4.0.0
  resolution: "has-flag@npm:4.0.0::__archiveUrl=https%3A%2F%2Fregistry.npmjs.org%2Fhas-flag%2F-%2Fhas-flag-4.0.0.tgz"
  checksum: 261a1357037ead75e338156b1f9452c016a37dcd3283a972a30d9e4a87441ba372c8b81f818cd0fbcd9c0354b4ae7e18b9e1afa1971164aef6d18c2b6095a8ad
  languageName: node
  linkType: hard

"has-own-prop@npm:^2.0.0":
  version: 2.0.0
  resolution: "has-own-prop@npm:2.0.0::__archiveUrl=https%3A%2F%2Fregistry.npmjs.org%2Fhas-own-prop%2F-%2Fhas-own-prop-2.0.0.tgz"
  checksum: ca6336e85ead2295c9603880cbc199e2d3ff7eaea0e9035d68fbc79892e9cf681abc62c0909520f112c671dad9961be2173b21dff951358cc98425c560e789e0
  languageName: node
  linkType: hard

"jest-diff@npm:^26.0.0":
  version: 26.6.2
  resolution: "jest-diff@npm:26.6.2::__archiveUrl=https%3A%2F%2Fregistry.npmjs.org%2Fjest-diff%2F-%2Fjest-diff-26.6.2.tgz"
  dependencies:
    chalk: ^4.0.0
    diff-sequences: ^26.6.2
    jest-get-type: ^26.3.0
    pretty-format: ^26.6.2
  checksum: d00d297f31e1ac0252127089892432caa7a11c69bde29cf3bb6c7a839c8afdb95cf1fd401f9df16a4422745da2e6a5d94b428b30666a2540c38e1c5699915c2d
  languageName: node
  linkType: hard

"jest-diff@npm:^27.0.0":
  version: 27.4.6
  resolution: "jest-diff@npm:27.4.6::__archiveUrl=https%3A%2F%2Fregistry.npmjs.org%2Fjest-diff%2F-%2Fjest-diff-27.4.6.tgz"
  dependencies:
    chalk: ^4.0.0
    diff-sequences: ^27.4.0
    jest-get-type: ^27.4.0
    pretty-format: ^27.4.6
  checksum: cf6b7e80e3c64a7c71ab209c0325bbda175991aed985ecee7652df9d6540e4959089038e208c04ab05391c9ddf07adc72f0c8c26cc4cee6fa17f76f500e2bf43
  languageName: node
  linkType: hard

"jest-get-type@npm:^26.3.0":
  version: 26.3.0
  resolution: "jest-get-type@npm:26.3.0::__archiveUrl=https%3A%2F%2Fregistry.npmjs.org%2Fjest-get-type%2F-%2Fjest-get-type-26.3.0.tgz"
  checksum: 1cc6465ae4f5e880be22ba52fd270fa64c21994915f81b41f8f7553a7957dd8e077cc8d03035de9412e2d739f8bad6a032ebb5dab5805692a5fb9e20dd4ea666
  languageName: node
  linkType: hard

"jest-get-type@npm:^27.4.0":
  version: 27.4.0
  resolution: "jest-get-type@npm:27.4.0::__archiveUrl=https%3A%2F%2Fregistry.npmjs.org%2Fjest-get-type%2F-%2Fjest-get-type-27.4.0.tgz"
  checksum: bb9b70e420009fdaed3026d5bccd01569f92c7500f9f544d862796d4f4efa93ced5484864b2f272c7748bfb5bfd3268d48868b169c51ab45fe5b45b9519b6e46
  languageName: node
  linkType: hard

"js-tokens@npm:^3.0.0 || ^4.0.0":
  version: 4.0.0
  resolution: "js-tokens@npm:4.0.0::__archiveUrl=https%3A%2F%2Fregistry.npmjs.org%2Fjs-tokens%2F-%2Fjs-tokens-4.0.0.tgz"
  checksum: 8a95213a5a77deb6cbe94d86340e8d9ace2b93bc367790b260101d2f36a2eaf4e4e22d9fa9cf459b38af3a32fb4190e638024cf82ec95ef708680e405ea7cc78
  languageName: node
  linkType: hard

"jsonfile@npm:^4.0.0":
  version: 4.0.0
  resolution: "jsonfile@npm:4.0.0::__archiveUrl=https%3A%2F%2Fregistry.npmjs.org%2Fjsonfile%2F-%2Fjsonfile-4.0.0.tgz"
  dependencies:
    graceful-fs: ^4.1.6
  dependenciesMeta:
    graceful-fs:
      optional: true
  checksum: 6447d6224f0d31623eef9b51185af03ac328a7553efcee30fa423d98a9e276ca08db87d71e17f2310b0263fd3ffa6c2a90a6308367f661dc21580f9469897c9e
  languageName: node
  linkType: hard

"lit-html@npm:^1.1.2":
  version: 1.4.1
  resolution: "lit-html@npm:1.4.1::__archiveUrl=https%3A%2F%2Fregistry.npmjs.org%2Flit-html%2F-%2Flit-html-1.4.1.tgz"
  checksum: 6e1bb335cd8493700d2f1eaf1e019c2f6bf78ac641bdba5e2ff9f1545430e0fec15c6721ee1c8ca75559e1d52a1d34cdc568da46319681304299d9aff83a6346
  languageName: node
  linkType: hard

"lodash@npm:^4.17.15, lodash@npm:^4.17.20, lodash@npm:^4.17.21":
  version: 4.17.21
  resolution: "lodash@npm:4.17.21::__archiveUrl=https%3A%2F%2Fregistry.npmjs.org%2Flodash%2F-%2Flodash-4.17.21.tgz"
  checksum: eb835a2e51d381e561e508ce932ea50a8e5a68f4ebdd771ea240d3048244a8d13658acbd502cd4829768c56f2e16bdd4340b9ea141297d472517b83868e677f7
  languageName: node
  linkType: hard

"loose-envify@npm:^1.1.0":
  version: 1.4.0
  resolution: "loose-envify@npm:1.4.0::__archiveUrl=https%3A%2F%2Fregistry.npmjs.org%2Floose-envify%2F-%2Floose-envify-1.4.0.tgz"
  dependencies:
    js-tokens: ^3.0.0 || ^4.0.0
  bin:
    loose-envify: cli.js
  checksum: 6517e24e0cad87ec9888f500c5b5947032cdfe6ef65e1c1936a0c48a524b81e65542c9c3edc91c97d5bddc806ee2a985dbc79be89215d613b1de5db6d1cfe6f4
  languageName: node
  linkType: hard

"loud-rejection@npm:^1.6.0":
  version: 1.6.0
  resolution: "loud-rejection@npm:1.6.0::__archiveUrl=https%3A%2F%2Fregistry.npmjs.org%2Floud-rejection%2F-%2Floud-rejection-1.6.0.tgz"
  dependencies:
    currently-unhandled: ^0.4.1
    signal-exit: ^3.0.0
  checksum: 750e12defde34e8cbf263c2bff16f028a89b56e022ad6b368aa7c39495b5ac33f2349a8d00665a9b6d25c030b376396524d8a31eb0dde98aaa97956d7324f927
  languageName: node
  linkType: hard

"object-assign@npm:^4.1.1":
  version: 4.1.1
  resolution: "object-assign@npm:4.1.1::__archiveUrl=https%3A%2F%2Fregistry.npmjs.org%2Fobject-assign%2F-%2Fobject-assign-4.1.1.tgz"
  checksum: fcc6e4ea8c7fe48abfbb552578b1c53e0d194086e2e6bbbf59e0a536381a292f39943c6e9628af05b5528aa5e3318bb30d6b2e53cadaf5b8fe9e12c4b69af23f
  languageName: node
  linkType: hard

"os-homedir@npm:^1.0.0":
  version: 1.0.2
  resolution: "os-homedir@npm:1.0.2::__archiveUrl=https%3A%2F%2Fregistry.npmjs.org%2Fos-homedir%2F-%2Fos-homedir-1.0.2.tgz"
  checksum: af609f5a7ab72de2f6ca9be6d6b91a599777afc122ac5cad47e126c1f67c176fe9b52516b9eeca1ff6ca0ab8587fe66208bc85e40a3940125f03cdb91408e9d2
  languageName: node
  linkType: hard

"ovee-768ca6@workspace:owls/generator/ovee":
  version: 0.0.0-use.local
  resolution: "ovee-768ca6@workspace:owls/generator/ovee"
  languageName: unknown
  linkType: soft

"ovee.js@npm:^2.1.8":
  version: 2.1.8
  resolution: "ovee.js@npm:2.1.8::__archiveUrl=https%3A%2F%2Fregistry.npmjs.org%2Fovee.js%2F-%2Fovee.js-2.1.8.tgz"
  dependencies:
    "@babel/runtime": ^7.16.3
    "@vue/reactivity": ^3.2.6
    "@vue/runtime-core": ^3.2.6
    lit-html: ^1.1.2
  checksum: 536e7cd364503f8032eff8323035a7cfad8810e62e0c1ae9d327dc578f1c82c19458851895b42bd0ae516768e14b945ed82c93a400194496c45d3402ab2ccce6
  languageName: node
  linkType: hard

"owlsdepartment-components@workspace:.":
  version: 0.0.0-use.local
  resolution: "owlsdepartment-components@workspace:."
  dependencies:
    "@babel/runtime": 7.12.18
    "@teambit/harmony": 0.2.11
    "@types/jest": 26.0.20
    "@types/lodash": ^4.14.178
    "@types/node": 12.20.4
    "@types/react": ^17.0.8
    "@types/react-dom": ^17.0.5
    "@types/testing-library__jest-dom": 5.9.5
    core-js: ^3.0.0
    lodash: ^4.17.21
    ovee.js: ^2.1.8
    react: ^16.8.0 || ^17.0.0
    react-dom: ^16.8.0 || ^17.0.0
  peerDependencies:
    react: ^16.8.0 || ^17.0.0
    react-dom: ^16.8.0 || ^17.0.0
  languageName: unknown
  linkType: soft

"pretty-format@npm:^26.0.0, pretty-format@npm:^26.6.2":
  version: 26.6.2
  resolution: "pretty-format@npm:26.6.2::__archiveUrl=https%3A%2F%2Fregistry.npmjs.org%2Fpretty-format%2F-%2Fpretty-format-26.6.2.tgz"
  dependencies:
    "@jest/types": ^26.6.2
    ansi-regex: ^5.0.0
    ansi-styles: ^4.0.0
    react-is: ^17.0.1
  checksum: e3b808404d7e1519f0df1aa1f25cee0054ab475775c6b2b8c5568ff23194a92d54bf93274139b6f584ca70fd773be4eaa754b0e03f12bb0a8d1426b07f079976
  languageName: node
  linkType: hard

"pretty-format@npm:^27.0.0, pretty-format@npm:^27.4.6":
  version: 27.4.6
  resolution: "pretty-format@npm:27.4.6::__archiveUrl=https%3A%2F%2Fregistry.npmjs.org%2Fpretty-format%2F-%2Fpretty-format-27.4.6.tgz"
  dependencies:
    ansi-regex: ^5.0.1
    ansi-styles: ^5.0.0
    react-is: ^17.0.1
  checksum: 5eda32e4e47ddd1a9e8fe9ebef519b217ba403eb8bcb804ba551dfb37f87e674472013fcf78480ab535844fdddcc706fac94511eba349bfb94a138a02d1a7a59
  languageName: node
  linkType: hard

"react-dom@npm:^16.8.0 || ^17.0.0":
  version: 17.0.2
  resolution: "react-dom@npm:17.0.2::__archiveUrl=https%3A%2F%2Fregistry.npmjs.org%2Freact-dom%2F-%2Freact-dom-17.0.2.tgz"
  dependencies:
    loose-envify: ^1.1.0
    object-assign: ^4.1.1
    scheduler: ^0.20.2
  peerDependencies:
    react: 17.0.2
  checksum: 1c1eaa3bca7c7228d24b70932e3d7c99e70d1d04e13bb0843bbf321582bc25d7961d6b8a6978a58a598af2af496d1cedcfb1bf65f6b0960a0a8161cb8dab743c
  languageName: node
  linkType: hard

"react-is@npm:^17.0.1":
  version: 17.0.2
  resolution: "react-is@npm:17.0.2::__archiveUrl=https%3A%2F%2Fregistry.npmjs.org%2Freact-is%2F-%2Freact-is-17.0.2.tgz"
  checksum: 9d6d111d8990dc98bc5402c1266a808b0459b5d54830bbea24c12d908b536df7883f268a7868cfaedde3dd9d4e0d574db456f84d2e6df9c4526f99bb4b5344d8
  languageName: node
  linkType: hard

"react@npm:^16.8.0 || ^17.0.0":
  version: 17.0.2
  resolution: "react@npm:17.0.2::__archiveUrl=https%3A%2F%2Fregistry.npmjs.org%2Freact%2F-%2Freact-17.0.2.tgz"
  dependencies:
    loose-envify: ^1.1.0
    object-assign: ^4.1.1
  checksum: b254cc17ce3011788330f7bbf383ab653c6848902d7936a87b09d835d091e3f295f7e9dd1597c6daac5dc80f90e778c8230218ba8ad599f74adcc11e33b9d61b
  languageName: node
  linkType: hard

"reflect-metadata@npm:^0.1.13":
  version: 0.1.13
  resolution: "reflect-metadata@npm:0.1.13::__archiveUrl=https%3A%2F%2Fregistry.npmjs.org%2Freflect-metadata%2F-%2Freflect-metadata-0.1.13.tgz"
  checksum: 798d379a7b6f6455501145419505c97dd11cbc23857a386add2b9ef15963ccf15a48d9d15507afe01d4cd74116df8a213247200bac00320bd7c11ddeaa5e8fb4
  languageName: node
  linkType: hard

"regenerator-runtime@npm:^0.13.4":
  version: 0.13.9
  resolution: "regenerator-runtime@npm:0.13.9::__archiveUrl=https%3A%2F%2Fregistry.npmjs.org%2Fregenerator-runtime%2F-%2Fregenerator-runtime-0.13.9.tgz"
  checksum: 65ed455fe5afd799e2897baf691ca21c2772e1a969d19bb0c4695757c2d96249eb74ee3553ea34a91062b2a676beedf630b4c1551cc6299afb937be1426ec55e
  languageName: node
  linkType: hard

"repeat-string@npm:^1.6.1":
  version: 1.6.1
  resolution: "repeat-string@npm:1.6.1::__archiveUrl=https%3A%2F%2Fregistry.npmjs.org%2Frepeat-string%2F-%2Frepeat-string-1.6.1.tgz"
  checksum: 1b809fc6db97decdc68f5b12c4d1a671c8e3f65ec4a40c238bc5200e44e85bcc52a54f78268ab9c29fcf5fe4f1343e805420056d1f30fa9a9ee4c2d93e3cc6c0
  languageName: node
  linkType: hard

"scheduler@npm:^0.20.2":
  version: 0.20.2
  resolution: "scheduler@npm:0.20.2::__archiveUrl=https%3A%2F%2Fregistry.npmjs.org%2Fscheduler%2F-%2Fscheduler-0.20.2.tgz"
  dependencies:
    loose-envify: ^1.1.0
    object-assign: ^4.1.1
  checksum: c4b35cf967c8f0d3e65753252d0f260271f81a81e427241295c5a7b783abf4ea9e905f22f815ab66676f5313be0a25f47be582254db8f9241b259213e999b8fc
  languageName: node
  linkType: hard

"signal-exit@npm:^3.0.0":
  version: 3.0.6
  resolution: "signal-exit@npm:3.0.6::__archiveUrl=https%3A%2F%2Fregistry.npmjs.org%2Fsignal-exit%2F-%2Fsignal-exit-3.0.6.tgz"
  checksum: b819ac81ba757af559dad0804233ae31bf6f054591cd8a671e9cbcf09f21c72ec3076fe87d1e04861f5b33b47d63f0694b568de99c99cd733ee2060515beb6d5
  languageName: node
  linkType: hard

"supports-color@npm:^7.1.0":
  version: 7.2.0
  resolution: "supports-color@npm:7.2.0::__archiveUrl=https%3A%2F%2Fregistry.npmjs.org%2Fsupports-color%2F-%2Fsupports-color-7.2.0.tgz"
  dependencies:
    has-flag: ^4.0.0
  checksum: 3dda818de06ebbe5b9653e07842d9479f3555ebc77e9a0280caf5a14fb877ffee9ed57007c3b78f5a6324b8dbeec648d9e97a24e2ed9fdb81ddc69ea07100f4a
  languageName: node
  linkType: hard

"universalify@npm:^0.1.0":
  version: 0.1.2
  resolution: "universalify@npm:0.1.2::__archiveUrl=https%3A%2F%2Fregistry.npmjs.org%2Funiversalify%2F-%2Funiversalify-0.1.2.tgz"
  checksum: 40cdc60f6e61070fe658ca36016a8f4ec216b29bf04a55dce14e3710cc84c7448538ef4dad3728d0bfe29975ccd7bfb5f414c45e7b78883567fb31b246f02dff
  languageName: node
  linkType: hard

"user-home@npm:^2.0.0":
  version: 2.0.0
  resolution: "user-home@npm:2.0.0::__archiveUrl=https%3A%2F%2Fregistry.npmjs.org%2Fuser-home%2F-%2Fuser-home-2.0.0.tgz"
  dependencies:
    os-homedir: ^1.0.0
  checksum: a3329faa959fcd9e3e01a03347ca974f7f6b8896e6a634f29c61d8d5b61557d853c6fc5a6dff1a28e2da85b400d0e4490368a28de452ba8c41a2bf3a92cb110a
  languageName: node
  linkType: hard
